
Microsoft Visual Studio Solution File, Format Version 12.00
# Visual Studio Version 17
VisualStudioVersion = 17.0.32126.317
MinimumVisualStudioVersion = 10.0.40219.1
Project("{FAE04EC0-301F-11D3-BF4B-00C04F79EFBC}") = "PreAceleracionFebrero", "PreAceleracionFebrero.csproj", "{97810B39-BAB3-44AB-AE9F-1614130BC5E7}"
EndProject
Global
	GlobalSection(SolutionConfigurationPlatforms) = preSolution
		Debug|Any CPU = Debug|Any CPU
		Release|Any CPU = Release|Any CPU
	EndGlobalSection
	GlobalSection(ProjectConfigurationPlatforms) = postSolution
		{97810B39-BAB3-44AB-AE9F-1614130BC5E7}.Debug|Any CPU.ActiveCfg = Debug|Any CPU
		{97810B39-BAB3-44AB-AE9F-1614130BC5E7}.Debug|Any CPU.Build.0 = Debug|Any CPU
		{97810B39-BAB3-44AB-AE9F-1614130BC5E7}.Release|Any CPU.ActiveCfg = Release|Any CPU
		{97810B39-BAB3-44AB-AE9F-1614130BC5E7}.Release|Any CPU.Build.0 = Release|Any CPU
	EndGlobalSection
	GlobalSection(SolutionProperties) = preSolution
		HideSolutionNode = FALSE
	EndGlobalSection
	GlobalSection(ExtensibilityGlobals) = postSolution
		SolutionGuid = {DA55E20F-A2D1-422A-90DF-73F3E25493CB}
	EndGlobalSection
EndGlobal
